// !$*UTF8*$!
{
	archiveVersion = 1;
	classes = {
	};
	objectVersion = 77;
	objects = {

/* Begin PBXBuildFile section */
		E592E2AE2EFAF591003271FE /* WidgetKit.framework in Frameworks */ = {isa = PBXBuildFile; fileRef = E592E2AD2EFAF591003271FE /* WidgetKit.framework */; };
		E592E2B02EFAF591003271FE /* SwiftUI.framework in Frameworks */ = {isa = PBXBuildFile; fileRef = E592E2AF2EFAF591003271FE /* SwiftUI.framework */; };
		E592E2BF2EFAF593003271FE /* HoneyWidgetExtension.appex in Embed Foundation Extensions */ = {isa = PBXBuildFile; fileRef = E592E2AB2EFAF591003271FE /* HoneyWidgetExtension.appex */; settings = {ATTRIBUTES = (RemoveHeadersOnCopy, ); }; };
/* End PBXBuildFile section */

/* Begin PBXContainerItemProxy section */
		E592E2882EFAEDEE003271FE /* PBXContainerItemProxy */ = {
			isa = PBXContainerItemProxy;
			containerPortal = E592E2722EFAEDEC003271FE /* Project object */;
			proxyType = 1;
			remoteGlobalIDString = E592E2792EFAEDEC003271FE;
			remoteInfo = Space;
		};
		E592E2922EFAEDEE003271FE /* PBXContainerItemProxy */ = {
			isa = PBXContainerItemProxy;
			containerPortal = E592E2722EFAEDEC003271FE /* Project object */;
			proxyType = 1;
			remoteGlobalIDString = E592E2792EFAEDEC003271FE;
			remoteInfo = Space;
		};
		E592E2BD2EFAF593003271FE /* PBXContainerItemProxy */ = {
			isa = PBXContainerItemProxy;
			containerPortal = E592E2722EFAEDEC003271FE /* Project object */;
			proxyType = 1;
			remoteGlobalIDString = E592E2AA2EFAF591003271FE;
			remoteInfo = HoneyWidgetExtension;
		};
/* End PBXContainerItemProxy section */

/* Begin PBXCopyFilesBuildPhase section */
		E592E2C42EFAF593003271FE /* Embed Foundation Extensions */ = {
			isa = PBXCopyFilesBuildPhase;
			buildActionMask = 2147483647;
			dstPath = "";
			dstSubfolderSpec = 13;
			files = (
				E592E2BF2EFAF593003271FE /* HoneyWidgetExtension.appex in Embed Foundation Extensions */,
			);
			name = "Embed Foundation Extensions";
			runOnlyForDeploymentPostprocessing = 0;
		};
/* End PBXCopyFilesBuildPhase section */

/* Begin PBXFileReference section */
		E592E27A2EFAEDEC003271FE /* Space.app */ = {isa = PBXFileReference; explicitFileType = wrapper.application; includeInIndex = 0; path = Space.app; sourceTree = BUILT_PRODUCTS_DIR; };
		E592E2872EFAEDEE003271FE /* SpaceTests.xctest */ = {isa = PBXFileReference; explicitFileType = wrapper.cfbundle; includeInIndex = 0; path = SpaceTests.xctest; sourceTree = BUILT_PRODUCTS_DIR; };
		E592E2912EFAEDEE003271FE /* SpaceUITests.xctest */ = {isa = PBXFileReference; explicitFileType = wrapper.cfbundle; includeInIndex = 0; path = SpaceUITests.xctest; sourceTree = BUILT_PRODUCTS_DIR; };
		E592E2AB2EFAF591003271FE /* HoneyWidgetExtension.appex */ = {isa = PBXFileReference; explicitFileType = "wrapper.app-extension"; includeInIndex = 0; path = HoneyWidgetExtension.appex; sourceTree = BUILT_PRODUCTS_DIR; };
		E592E2AD2EFAF591003271FE /* WidgetKit.framework */ = {isa = PBXFileReference; lastKnownFileType = wrapper.framework; name = WidgetKit.framework; path = System/Library/Frameworks/WidgetKit.framework; sourceTree = SDKROOT; };
		E592E2AF2EFAF591003271FE /* SwiftUI.framework */ = {isa = PBXFileReference; lastKnownFileType = wrapper.framework; name = SwiftUI.framework; path = System/Library/Frameworks/SwiftUI.framework; sourceTree = SDKROOT; };
/* End PBXFileReference section */

/* Begin PBXFileSystemSynchronizedBuildFileExceptionSet section */
		E592E2C02EFAF593003271FE /* Exceptions for "HoneyWidget" folder in "HoneyWidgetExtension" target */ = {
			isa = PBXFileSystemSynchronizedBuildFileExceptionSet;
			membershipExceptions = (
				Info.plist,
			);
			target = E592E2AA2EFAF591003271FE /* HoneyWidgetExtension */;
		};
		E592E3062EFEC140003271FE /* Exceptions for "Space" folder in "HoneyWidgetExtension" target */ = {
			isa = PBXFileSystemSynchronizedBuildFileExceptionSet;
			membershipExceptions = (
				SpaceAttributes.swift,
			);
			target = E592E2AA2EFAF591003271FE /* HoneyWidgetExtension */;
		};
/* End PBXFileSystemSynchronizedBuildFileExceptionSet section */

/* Begin PBXFileSystemSynchronizedRootGroup section */
		E592E27C2EFAEDEC003271FE /* Space */ = {
			isa = PBXFileSystemSynchronizedRootGroup;
			exceptions = (
				E592E3062EFEC140003271FE /* Exceptions for "Space" folder in "HoneyWidgetExtension" target */,
			);
			path = Space;
			sourceTree = "<group>";
		};
		E592E28A2EFAEDEE003271FE /* SpaceTests */ = {
			isa = PBXFileSystemSynchronizedRootGroup;
			path = SpaceTests;
			sourceTree = "<group>";
		};
		E592E2942EFAEDEE003271FE /* SpaceUITests */ = {
			isa = PBXFileSystemSynchronizedRootGroup;
			path = SpaceUITests;
			sourceTree = "<group>";
		};
		E592E2B12EFAF591003271FE /* HoneyWidget */ = {
			isa = PBXFileSystemSynchronizedRootGroup;
			exceptions = (
				E592E2C02EFAF593003271FE /* Exceptions for "HoneyWidget" folder in "HoneyWidgetExtension" target */,
			);
			path = HoneyWidget;
			sourceTree = "<group>";
		};
/* End PBXFileSystemSynchronizedRootGroup section */

/* Begin PBXFrameworksBuildPhase section */
		E592E2772EFAEDEC003271FE /* Frameworks */ = {
			isa = PBXFrameworksBuildPhase;
			buildActionMask = 2147483647;
			files = (
			);
			runOnlyForDeploymentPostprocessing = 0;
		};
		E592E2842EFAEDEE003271FE /* Frameworks */ = {
			isa = PBXFrameworksBuildPhase;
			buildActionMask = 2147483647;
			files = (
			);
			runOnlyForDeploymentPostprocessing = 0;
		};
		E592E28E2EFAEDEE003271FE /* Frameworks */ = {
			isa = PBXFrameworksBuildPhase;
			buildActionMask = 2147483647;
			files = (
			);
			runOnlyForDeploymentPostprocessing = 0;
		};
		E592E2A82EFAF591003271FE /* Frameworks */ = {
			isa = PBXFrameworksBuildPhase;
			buildActionMask = 2147483647;
			files = (
				E592E2B02EFAF591003271FE /* SwiftUI.framework in Frameworks */,
				E592E2AE2EFAF591003271FE /* WidgetKit.framework in Frameworks */,
			);
			runOnlyForDeploymentPostprocessing = 0;
		};
/* End PBXFrameworksBuildPhase section */

/* Begin PBXGroup section */
		E592E2712EFAEDEC003271FE = {
			isa = PBXGroup;
			children = (
				E592E27C2EFAEDEC003271FE /* Space */,
				E592E28A2EFAEDEE003271FE /* SpaceTests */,
				E592E2942EFAEDEE003271FE /* SpaceUITests */,
				E592E2B12EFAF591003271FE /* HoneyWidget */,
				E592E2AC2EFAF591003271FE /* Frameworks */,
				E592E27B2EFAEDEC003271FE /* Products */,
			);
			sourceTree = "<group>";
		};
		E592E27B2EFAEDEC003271FE /* Products */ = {
			isa = PBXGroup;
			children = (
				E592E27A2EFAEDEC003271FE /* Space.app */,
				E592E2872EFAEDEE003271FE /* SpaceTests.xctest */,
				E592E2912EFAEDEE003271FE /* SpaceUITests.xctest */,
				E592E2AB2EFAF591003271FE /* HoneyWidgetExtension.appex */,
			);
			name = Products;
			sourceTree = "<group>";
		};
		E592E2AC2EFAF591003271FE /* Frameworks */ = {
			isa = PBXGroup;
			children = (
				E592E2AD2EFAF591003271FE /* WidgetKit.framework */,
				E592E2AF2EFAF591003271FE /* SwiftUI.framework */,
			);
			name = Frameworks;
			sourceTree = "<group>";
		};
/* End PBXGroup section */

/* Begin PBXNativeTarget section */
		E592E2792EFAEDEC003271FE /* Space */ = {
			isa = PBXNativeTarget;
			buildConfigurationList = E592E29B2EFAEDEE003271FE /* Build configuration list for PBXNativeTarget "Space" */;
			buildPhases = (
				E592E2762EFAEDEC003271FE /* Sources */,
				E592E2772EFAEDEC003271FE /* Frameworks */,
				E592E2782EFAEDEC003271FE /* Resources */,
				E592E2C42EFAF593003271FE /* Embed Foundation Extensions */,
			);
			buildRules = (
			);
			dependencies = (
				E592E2BE2EFAF593003271FE /* PBXTargetDependency */,
			);
			fileSystemSynchronizedGroups = (
				E592E27C2EFAEDEC003271FE /* Space */,
			);
			name = Space;
			packageProductDependencies = (
			);
			productName = Space;
			productReference = E592E27A2EFAEDEC003271FE /* Space.app */;
			productType = "com.apple.product-type.application";
		};
		E592E2862EFAEDEE003271FE /* SpaceTests */ = {
			isa = PBXNativeTarget;
			buildConfigurationList = E592E29E2EFAEDEE003271FE /* Build configuration list for PBXNativeTarget "SpaceTests" */;
			buildPhases = (
				E592E2832EFAEDEE003271FE /* Sources */,
				E592E2842EFAEDEE003271FE /* Frameworks */,
				E592E2852EFAEDEE003271FE /* Resources */,
			);
			buildRules = (
			);
			dependencies = (
				E592E2892EFAEDEE003271FE /* PBXTargetDependency */,
			);
			fileSystemSynchronizedGroups = (
				E592E28A2EFAEDEE003271FE /* SpaceTests */,
			);
			name = SpaceTests;
			packageProductDependencies = (
			);
			productName = SpaceTests;
			productReference = E592E2872EFAEDEE003271FE /* SpaceTests.xctest */;
			productType = "com.apple.product-type.bundle.unit-test";
		};
		E592E2902EFAEDEE003271FE /* SpaceUITests */ = {
			isa = PBXNativeTarget;
			buildConfigurationList = E592E2A12EFAEDEE003271FE /* Build configuration list for PBXNativeTarget "SpaceUITests" */;
			buildPhases = (
				E592E28D2EFAEDEE003271FE /* Sources */,
				E592E28E2EFAEDEE003271FE /* Frameworks */,
				E592E28F2EFAEDEE003271FE /* Resources */,
			);
			buildRules = (
			);
			dependencies = (
				E592E2932EFAEDEE003271FE /* PBXTargetDependency */,
			);
			fileSystemSynchronizedGroups = (
				E592E2942EFAEDEE003271FE /* SpaceUITests */,
			);
			name = SpaceUITests;
			packageProductDependencies = (
			);
			productName = SpaceUITests;
			productReference = E592E2912EFAEDEE003271FE /* SpaceUITests.xctest */;
			productType = "com.apple.product-type.bundle.ui-testing";
		};
		E592E2AA2EFAF591003271FE /* HoneyWidgetExtension */ = {
			isa = PBXNativeTarget;
			buildConfigurationList = E592E2C12EFAF593003271FE /* Build configuration list for PBXNativeTarget "HoneyWidgetExtension" */;
			buildPhases = (
				E592E2A72EFAF591003271FE /* Sources */,
				E592E2A82EFAF591003271FE /* Frameworks */,
				E592E2A92EFAF591003271FE /* Resources */,
			);
			buildRules = (
			);
			dependencies = (
			);
			fileSystemSynchronizedGroups = (
				E592E2B12EFAF591003271FE /* HoneyWidget */,
			);
			name = HoneyWidgetExtension;
			packageProductDependencies = (
			);
			productName = HoneyWidgetExtension;
			productReference = E592E2AB2EFAF591003271FE /* HoneyWidgetExtension.appex */;
			productType = "com.apple.product-type.app-extension";
		};
/* End PBXNativeTarget section */

/* Begin PBXProject section */
		E592E2722EFAEDEC003271FE /* Project object */ = {
			isa = PBXProject;
			attributes = {
				BuildIndependentTargetsInParallel = 1;
				LastSwiftUpdateCheck = 2620;
				LastUpgradeCheck = 2620;
				TargetAttributes = {
					E592E2792EFAEDEC003271FE = {
						CreatedOnToolsVersion = 26.2;
					};
					E592E2862EFAEDEE003271FE = {
						CreatedOnToolsVersion = 26.2;
						TestTargetID = E592E2792EFAEDEC003271FE;
					};
					E592E2902EFAEDEE003271FE = {
						CreatedOnToolsVersion = 26.2;
						TestTargetID = E592E2792EFAEDEC003271FE;
					};
					E592E2AA2EFAF591003271FE = {
						CreatedOnToolsVersion = 26.2;
					};
				};
			};
			buildConfigurationList = E592E2752EFAEDEC003271FE /* Build configuration list for PBXProject "Space" */;
			developmentRegion = en;
			hasScannedForEncodings = 0;
			knownRegions = (
				en,
				Base,
			);
			mainGroup = E592E2712EFAEDEC003271FE;
			minimizedProjectReferenceProxies = 1;
			preferredProjectObjectVersion = 77;
			productRefGroup = E592E27B2EFAEDEC003271FE /* Products */;
			projectDirPath = "";
			projectRoot = "";
			targets = (
				E592E2792EFAEDEC003271FE /* Space */,
				E592E2862EFAEDEE003271FE /* SpaceTests */,
				E592E2902EFAEDEE003271FE /* SpaceUITests */,
				E592E2AA2EFAF591003271FE /* HoneyWidgetExtension */,
			);
		};
/* End PBXProject section */

/* Begin PBXResourcesBuildPhase section */
		E592E2782EFAEDEC003271FE /* Resources */ = {
			isa = PBXResourcesBuildPhase;
			buildActionMask = 2147483647;
			files = (
			);
			runOnlyForDeploymentPostprocessing = 0;
		};
		E592E2852EFAEDEE003271FE /* Resources */ = {
			isa = PBXResourcesBuildPhase;
			buildActionMask = 2147483647;
			files = (
			);
			runOnlyForDeploymentPostprocessing = 0;
		};
		E592E28F2EFAEDEE003271FE /* Resources */ = {
			isa = PBXResourcesBuildPhase;
			buildActionMask = 2147483647;
			files = (
			);
			runOnlyForDeploymentPostprocessing = 0;
		};
		E592E2A92EFAF591003271FE /* Resources */ = {
			isa = PBXResourcesBuildPhase;
			buildActionMask = 2147483647;
			files = (
			);
			runOnlyForDeploymentPostprocessing = 0;
		};
/* End PBXResourcesBuildPhase section */

/* Begin PBXSourcesBuildPhase section */
		E592E2762EFAEDEC003271FE /* Sources */ = {
			isa = PBXSourcesBuildPhase;
			buildActionMask = 2147483647;
			files = (
			);
			runOnlyForDeploymentPostprocessing = 0;
		};
		E592E2832EFAEDEE003271FE /* Sources */ = {
			isa = PBXSourcesBuildPhase;
			buildActionMask = 2147483647;
			files = (
			);
			runOnlyForDeploymentPostprocessing = 0;
		};
		E592E28D2EFAEDEE003271FE /* Sources */ = {
			isa = PBXSourcesBuildPhase;
			buildActionMask = 2147483647;
			files = (
			);
			runOnlyForDeploymentPostprocessing = 0;
		};
		E592E2A72EFAF591003271FE /* Sources */ = {
			isa = PBXSourcesBuildPhase;
			buildActionMask = 2147483647;
			files = (
			);
			runOnlyForDeploymentPostprocessing = 0;
		};
/* End PBXSourcesBuildPhase section */

/* Begin PBXTargetDependency section */
		E592E2892EFAEDEE003271FE /* PBXTargetDependency */ = {
			isa = PBXTargetDependency;
			target = E592E2792EFAEDEC003271FE /* Space */;
			targetProxy = E592E2882EFAEDEE003271FE /* PBXContainerItemProxy */;
		};
		E592E2932EFAEDEE003271FE /* PBXTargetDependency */ = {
			isa = PBXTargetDependency;
			target = E592E2792EFAEDEC003271FE /* Space */;
			targetProxy = E592E2922EFAEDEE003271FE /* PBXContainerItemProxy */;
		};
		E592E2BE2EFAF593003271FE /* PBXTargetDependency */ = {
			isa = PBXTargetDependency;
			target = E592E2AA2EFAF591003271FE /* HoneyWidgetExtension */;
			targetProxy = E592E2BD2EFAF593003271FE /* PBXContainerItemProxy */;
		};
/* End PBXTargetDependency section */

/* Begin XCBuildConfiguration section */
		E592E2992EFAEDEE003271FE /* Debug */ = {
			isa = XCBuildConfiguration;
			buildSettings = {
				ALWAYS_SEARCH_USER_PATHS = NO;
				ASSETCATALOG_COMPILER_GENERATE_SWIFT_ASSET_SYMBOL_EXTENSIONS = YES;
				CLANG_ANALYZER_NONNULL = YES;
				CLANG_ANALYZER_NUMBER_OBJECT_CONVERSION = YES_AGGRESSIVE;
				CLANG_CXX_LANGUAGE_STANDARD = "gnu++20";
				CLANG_ENABLE_MODULES = YES;
				CLANG_ENABLE_OBJC_ARC = YES;
				CLANG_ENABLE_OBJC_WEAK = YES;
				CLANG_WARN_BLOCK_CAPTURE_AUTORELEASING = YES;
				CLANG_WARN_BOOL_CONVERSION = YES;
				CLANG_WARN_COMMA = YES;
				CLANG_WARN_CONSTANT_CONVERSION = YES;
				CLANG_WARN_DEPRECATED_OBJC_IMPLEMENTATIONS = YES;
				CLANG_WARN_DIRECT_OBJC_ISA_USAGE = YES_ERROR;
				CLANG_WARN_DOCUMENTATION_COMMENTS = YES;
				CLANG_WARN_EMPTY_BODY = YES;
				CLANG_WARN_ENUM_CONVERSION = YES;
				CLANG_WARN_INFINITE_RECURSION = YES;
				CLANG_WARN_INT_CONVERSION = YES;
				CLANG_WARN_NON_LITERAL_NULL_CONVERSION = YES;
				CLANG_WARN_OBJC_IMPLICIT_RETAIN_SELF = YES;
				CLANG_WARN_OBJC_LITERAL_CONVERSION = YES;
				CLANG_WARN_OBJC_ROOT_CLASS = YES_ERROR;
				CLANG_WARN_QUOTED_INCLUDE_IN_FRAMEWORK_HEADER = YES;
				CLANG_WARN_RANGE_LOOP_ANALYSIS = YES;
				CLANG_WARN_STRICT_PROTOTYPES = YES;
				CLANG_WARN_SUSPICIOUS_MOVE = YES;
				CLANG_WARN_UNGUARDED_AVAILABILITY = YES_AGGRESSIVE;
				CLANG_WARN_UNREACHABLE_CODE = YES;
				CLANG_WARN__DUPLICATE_METHOD_MATCH = YES;
				COPY_PHASE_STRIP = NO;
				DEBUG_INFORMATION_FORMAT = dwarf;
				ENABLE_STRICT_OBJC_MSGSEND = YES;
				ENABLE_TESTABILITY = YES;
				ENABLE_USER_SCRIPT_SANDBOXING = YES;
				GCC_C_LANGUAGE_STANDARD = gnu17;
				GCC_DYNAMIC_NO_PIC = NO;
				GCC_NO_COMMON_BLOCKS = YES;
				GCC_OPTIMIZATION_LEVEL = 0;
				GCC_PREPROCESSOR_DEFINITIONS = (
					"DEBUG=1",
					"$(inherited)",
				);
				GCC_WARN_64_TO_32_BIT_CONVERSION = YES;
				GCC_WARN_ABOUT_RETURN_TYPE = YES_ERROR;
				GCC_WARN_UNDECLARED_SELECTOR = YES;
				GCC_WARN_UNINITIALIZED_AUTOS = YES_AGGRESSIVE;
				GCC_WARN_UNUSED_FUNCTION = YES;
				GCC_WARN_UNUSED_VARIABLE = YES;
				IPHONEOS_DEPLOYMENT_TARGET = 26.2;
				LOCALIZATION_PREFERS_STRING_CATALOGS = YES;
				MTL_ENABLE_DEBUG_INFO = INCLUDE_SOURCE;
				MTL_FAST_MATH = YES;
				ONLY_ACTIVE_ARCH = YES;
				SDKROOT = iphoneos;
				SWIFT_ACTIVE_COMPILATION_CONDITIONS = "DEBUG $(inherited)";
				SWIFT_OPTIMIZATION_LEVEL = "-Onone";
			};
			name = Debug;
		};
		E592E29A2EFAEDEE003271FE /* Release */ = {
			isa = XCBuildConfiguration;
			buildSettings = {
				ALWAYS_SEARCH_USER_PATHS = NO;
				ASSETCATALOG_COMPILER_GENERATE_SWIFT_ASSET_SYMBOL_EXTENSIONS = YES;
				CLANG_ANALYZER_NONNULL = YES;
				CLANG_ANALYZER_NUMBER_OBJECT_CONVERSION = YES_AGGRESSIVE;
				CLANG_CXX_LANGUAGE_STANDARD = "gnu++20";
				CLANG_ENABLE_MODULES = YES;
				CLANG_ENABLE_OBJC_ARC = YES;
				CLANG_ENABLE_OBJC_WEAK = YES;
				CLANG_WARN_BLOCK_CAPTURE_AUTORELEASING = YES;
				CLANG_WARN_BOOL_CONVERSION = YES;
				CLANG_WARN_COMMA = YES;
				CLANG_WARN_CONSTANT_CONVERSION = YES;
				CLANG_WARN_DEPRECATED_OBJC_IMPLEMENTATIONS = YES;
				CLANG_WARN_DIRECT_OBJC_ISA_USAGE = YES_ERROR;
				CLANG_WARN_DOCUMENTATION_COMMENTS = YES;
				CLANG_WARN_EMPTY_BODY = YES;
				CLANG_WARN_ENUM_CONVERSION = YES;
				CLANG_WARN_INFINITE_RECURSION = YES;
				CLANG_WARN_INT_CONVERSION = YES;
				CLANG_WARN_NON_LITERAL_NULL_CONVERSION = YES;
				CLANG_WARN_OBJC_IMPLICIT_RETAIN_SELF = YES;
				CLANG_WARN_OBJC_LITERAL_CONVERSION = YES;
				CLANG_WARN_OBJC_ROOT_CLASS = YES_ERROR;
				CLANG_WARN_QUOTED_INCLUDE_IN_FRAMEWORK_HEADER = YES;
				CLANG_WARN_RANGE_LOOP_ANALYSIS = YES;
				CLANG_WARN_STRICT_PROTOTYPES = YES;
				CLANG_WARN_SUSPICIOUS_MOVE = YES;
				CLANG_WARN_UNGUARDED_AVAILABILITY = YES_AGGRESSIVE;
				CLANG_WARN_UNREACHABLE_CODE = YES;
				CLANG_WARN__DUPLICATE_METHOD_MATCH = YES;
				COPY_PHASE_STRIP = NO;
				DEBUG_INFORMATION_FORMAT = "dwarf-with-dsym";
				ENABLE_NS_ASSERTIONS = NO;
				ENABLE_STRICT_OBJC_MSGSEND = YES;
				ENABLE_USER_SCRIPT_SANDBOXING = YES;
				GCC_C_LANGUAGE_STANDARD = gnu17;
				GCC_NO_COMMON_BLOCKS = YES;
				GCC_WARN_64_TO_32_BIT_CONVERSION = YES;
				GCC_WARN_ABOUT_RETURN_TYPE = YES_ERROR;
				GCC_WARN_UNDECLARED_SELECTOR = YES;
				GCC_WARN_UNINITIALIZED_AUTOS = YES_AGGRESSIVE;
				GCC_WARN_UNUSED_FUNCTION = YES;
				GCC_WARN_UNUSED_VARIABLE = YES;
				IPHONEOS_DEPLOYMENT_TARGET = 26.2;
				LOCALIZATION_PREFERS_STRING_CATALOGS = YES;
				MTL_ENABLE_DEBUG_INFO = NO;
				MTL_FAST_MATH = YES;
				SDKROOT = iphoneos;
				SWIFT_COMPILATION_MODE = wholemodule;
				VALIDATE_PRODUCT = YES;
			};
			name = Release;
		};
		E592E29C2EFAEDEE003271FE /* Debug */ = {
			isa = XCBuildConfiguration;
			buildSettings = {
				ASSETCATALOG_COMPILER_APPICON_NAME = AppIcon;
				ASSETCATALOG_COMPILER_GLOBAL_ACCENT_COLOR_NAME = AccentColor;
				CODE_SIGN_STYLE = Automatic;
				CURRENT_PROJECT_VERSION = 1;
				DEVELOPMENT_TEAM = UJ8S76AV74;
				ENABLE_PREVIEWS = YES;
				GENERATE_INFOPLIST_FILE = YES;
				INFOPLIST_KEY_NSSupportsLiveActivities = YES;
				INFOPLIST_KEY_UIApplicationSceneManifest_Generation = YES;
				INFOPLIST_KEY_UIApplicationSupportsIndirectInputEvents = YES;
				INFOPLIST_KEY_UILaunchScreen_Generation = YES;
				INFOPLIST_KEY_UISupportedInterfaceOrientations_iPad = "UIInterfaceOrientationPortrait UIInterfaceOrientationPortraitUpsideDown UIInterfaceOrientationLandscapeLeft UIInterfaceOrientationLandscapeRight";
				INFOPLIST_KEY_UISupportedInterfaceOrientations_iPhone = "UIInterfaceOrientationPortrait UIInterfaceOrientationLandscapeLeft UIInterfaceOrientationLandscapeRight";
				LD_RUNPATH_SEARCH_PATHS = (
					"$(inherited)",
					"@executable_path/Frameworks",
				);
				MARKETING_VERSION = 1.0;
				PRODUCT_BUNDLE_IDENTIFIER = "BOYUAN-LI.Space";
				PRODUCT_NAME = "$(TARGET_NAME)";
				STRING_CATALOG_GENERATE_SYMBOLS = YES;
				SWIFT_APPROACHABLE_CONCURRENCY = YES;
				SWIFT_DEFAULT_ACTOR_ISOLATION = MainActor;
				SWIFT_EMIT_LOC_STRINGS = YES;
				SWIFT_UPCOMING_FEATURE_MEMBER_IMPORT_VISIBILITY = YES;
				SWIFT_VERSION = 5.0;
				TARGETED_DEVICE_FAMILY = "1,2";
			};
			name = Debug;
		};
		E592E29D2EFAEDEE003271FE /* Release */ = {
			isa = XCBuildConfiguration;
			buildSettings = {
				ASSETCATALOG_COMPILER_APPICON_NAME = AppIcon;
				ASSETCATALOG_COMPILER_GLOBAL_ACCENT_COLOR_NAME = AccentColor;
				CODE_SIGN_STYLE = Automatic;
				CURRENT_PROJECT_VERSION = 1;
				DEVELOPMENT_TEAM = UJ8S76AV74;
				ENABLE_PREVIEWS = YES;
				GENERATE_INFOPLIST_FILE = YES;
				INFOPLIST_KEY_NSSupportsLiveActivities = YES;
				INFOPLIST_KEY_UIApplicationSceneManifest_Generation = YES;
				INFOPLIST_KEY_UIApplicationSupportsIndirectInputEvents = YES;
				INFOPLIST_KEY_UILaunchScreen_Generation = YES;
				INFOPLIST_KEY_UISupportedInterfaceOrientations_iPad = "UIInterfaceOrientationPortrait UIInterfaceOrientationPortraitUpsideDown UIInterfaceOrientationLandscapeLeft UIInterfaceOrientationLandscapeRight";
				INFOPLIST_KEY_UISupportedInterfaceOrientations_iPhone = "UIInterfaceOrientationPortrait UIInterfaceOrientationLandscapeLeft UIInterfaceOrientationLandscapeRight";
				LD_RUNPATH_SEARCH_PATHS = (
					"$(inherited)",
					"@executable_path/Frameworks",
				);
				MARKETING_VERSION = 1.0;
				PRODUCT_BUNDLE_IDENTIFIER = "BOYUAN-LI.Space";
				PRODUCT_NAME = "$(TARGET_NAME)";
				STRING_CATALOG_GENERATE_SYMBOLS = YES;
				SWIFT_APPROACHABLE_CONCURRENCY = YES;
				SWIFT_DEFAULT_ACTOR_ISOLATION = MainActor;
				SWIFT_EMIT_LOC_STRINGS = YES;
				SWIFT_UPCOMING_FEATURE_MEMBER_IMPORT_VISIBILITY = YES;
				SWIFT_VERSION = 5.0;
				TARGETED_DEVICE_FAMILY = "1,2";
			};
			name = Release;
		};
		E592E29F2EFAEDEE003271FE /* Debug */ = {
			isa = XCBuildConfiguration;
			buildSettings = {
				BUNDLE_LOADER = "$(TEST_HOST)";
				CODE_SIGN_STYLE = Automatic;
				CURRENT_PROJECT_VERSION = 1;
				DEVELOPMENT_TEAM = UJ8S76AV74;
				GENERATE_INFOPLIST_FILE = YES;
				IPHONEOS_DEPLOYMENT_TARGET = 26.2;
				MARKETING_VERSION = 1.0;
				PRODUCT_BUNDLE_IDENTIFIER = "BOYUAN-LI.SpaceTests";
				PRODUCT_NAME = "$(TARGET_NAME)";
				STRING_CATALOG_GENERATE_SYMBOLS = NO;
				SWIFT_APPROACHABLE_CONCURRENCY = YES;
				SWIFT_EMIT_LOC_STRINGS = NO;
				SWIFT_UPCOMING_FEATURE_MEMBER_IMPORT_VISIBILITY = YES;
				SWIFT_VERSION = 5.0;
				TARGETED_DEVICE_FAMILY = "1,2";
				TEST_HOST = "$(BUILT_PRODUCTS_DIR)/Space.app/$(BUNDLE_EXECUTABLE_FOLDER_PATH)/Space";
			};
			name = Debug;
		};
		E592E2A02EFAEDEE003271FE /* Release */ = {
			isa = XCBuildConfiguration;
			buildSettings = {
				BUNDLE_LOADER = "$(TEST_HOST)";
				CODE_SIGN_STYLE = Automatic;
				CURRENT_PROJECT_VERSION = 1;
				DEVELOPMENT_TEAM = UJ8S76AV74;
				GENERATE_INFOPLIST_FILE = YES;
				IPHONEOS_DEPLOYMENT_TARGET = 26.2;
				MARKETING_VERSION = 1.0;
				PRODUCT_BUNDLE_IDENTIFIER = "BOYUAN-LI.SpaceTests";
				PRODUCT_NAME = "$(TARGET_NAME)";
				STRING_CATALOG_GENERATE_SYMBOLS = NO;
				SWIFT_APPROACHABLE_CONCURRENCY = YES;
				SWIFT_EMIT_LOC_STRINGS = NO;
				SWIFT_UPCOMING_FEATURE_MEMBER_IMPORT_VISIBILITY = YES;
				SWIFT_VERSION = 5.0;
				TARGETED_DEVICE_FAMILY = "1,2";
				TEST_HOST = "$(BUILT_PRODUCTS_DIR)/Space.app/$(BUNDLE_EXECUTABLE_FOLDER_PATH)/Space";
			};
			name = Release;
		};
		E592E2A22EFAEDEE003271FE /* Debug */ = {
			isa = XCBuildConfiguration;
			buildSettings = {
				CODE_SIGN_STYLE = Automatic;
				CURRENT_PROJECT_VERSION = 1;
				DEVELOPMENT_TEAM = UJ8S76AV74;
				GENERATE_INFOPLIST_FILE = YES;
				MARKETING_VERSION = 1.0;
				PRODUCT_BUNDLE_IDENTIFIER = "BOYUAN-LI.SpaceUITests";
				PRODUCT_NAME = "$(TARGET_NAME)";
				STRING_CATALOG_GENERATE_SYMBOLS = NO;
				SWIFT_APPROACHABLE_CONCURRENCY = YES;
				SWIFT_EMIT_LOC_STRINGS = NO;
				SWIFT_UPCOMING_FEATURE_MEMBER_IMPORT_VISIBILITY = YES;
				SWIFT_VERSION = 5.0;
				TARGETED_DEVICE_FAMILY = "1,2";
				TEST_TARGET_NAME = Space;
			};
			name = Debug;
		};
		E592E2A32EFAEDEE003271FE /* Release */ = {
			isa = XCBuildConfiguration;
			buildSettings = {
				CODE_SIGN_STYLE = Automatic;
				CURRENT_PROJECT_VERSION = 1;
				DEVELOPMENT_TEAM = UJ8S76AV74;
				GENERATE_INFOPLIST_FILE = YES;
				MARKETING_VERSION = 1.0;
				PRODUCT_BUNDLE_IDENTIFIER = "BOYUAN-LI.SpaceUITests";
				PRODUCT_NAME = "$(TARGET_NAME)";
				STRING_CATALOG_GENERATE_SYMBOLS = NO;
				SWIFT_APPROACHABLE_CONCURRENCY = YES;
				SWIFT_EMIT_LOC_STRINGS = NO;
				SWIFT_UPCOMING_FEATURE_MEMBER_IMPORT_VISIBILITY = YES;
				SWIFT_VERSION = 5.0;
				TARGETED_DEVICE_FAMILY = "1,2";
				TEST_TARGET_NAME = Space;
			};
			name = Release;
		};
		E592E2C22EFAF593003271FE /* Debug */ = {
			isa = XCBuildConfiguration;
			buildSettings = {
				ASSETCATALOG_COMPILER_GLOBAL_ACCENT_COLOR_NAME = AccentColor;
				ASSETCATALOG_COMPILER_WIDGET_BACKGROUND_COLOR_NAME = WidgetBackground;
				CODE_SIGN_STYLE = Automatic;
				CURRENT_PROJECT_VERSION = 1;
				DEVELOPMENT_TEAM = UJ8S76AV74;
				GENERATE_INFOPLIST_FILE = YES;
				INFOPLIST_FILE = HoneyWidget/Info.plist;
				INFOPLIST_KEY_CFBundleDisplayName = HoneyWidget;
				INFOPLIST_KEY_NSHumanReadableCopyright = "";
				LD_RUNPATH_SEARCH_PATHS = (
					"$(inherited)",
					"@executable_path/Frameworks",
					"@executable_path/../../Frameworks",
				);
				MARKETING_VERSION = 1.0;
				PRODUCT_BUNDLE_IDENTIFIER = "BOYUAN-LI.Space.HoneyWidget";
				PRODUCT_NAME = "$(TARGET_NAME)";
				SKIP_INSTALL = YES;
				STRING_CATALOG_GENERATE_SYMBOLS = YES;
				SWIFT_APPROACHABLE_CONCURRENCY = YES;
				SWIFT_EMIT_LOC_STRINGS = YES;
				SWIFT_UPCOMING_FEATURE_MEMBER_IMPORT_VISIBILITY = YES;
				SWIFT_VERSION = 5.0;
				TARGETED_DEVICE_FAMILY = "1,2";
			};
			name = Debug;
		};
		E592E2C32EFAF593003271FE /* Release */ = {
			isa = XCBuildConfiguration;
			buildSettings = {
				ASSETCATALOG_COMPILER_GLOBAL_ACCENT_COLOR_NAME = AccentColor;
				ASSETCATALOG_COMPILER_WIDGET_BACKGROUND_COLOR_NAME = WidgetBackground;
				CODE_SIGN_STYLE = Automatic;
				CURRENT_PROJECT_VERSION = 1;
				DEVELOPMENT_TEAM = UJ8S76AV74;
				GENERATE_INFOPLIST_FILE = YES;
				INFOPLIST_FILE = HoneyWidget/Info.plist;
				INFOPLIST_KEY_CFBundleDisplayName = HoneyWidget;
				INFOPLIST_KEY_NSHumanReadableCopyright = "";
				LD_RUNPATH_SEARCH_PATHS = (
					"$(inherited)",
					"@executable_path/Frameworks",
					"@executable_path/../../Frameworks",
				);
				MARKETING_VERSION = 1.0;
				PRODUCT_BUNDLE_IDENTIFIER = "BOYUAN-LI.Space.HoneyWidget";
				PRODUCT_NAME = "$(TARGET_NAME)";
				SKIP_INSTALL = YES;
				STRING_CATALOG_GENERATE_SYMBOLS = YES;
				SWIFT_APPROACHABLE_CONCURRENCY = YES;
				SWIFT_EMIT_LOC_STRINGS = YES;
				SWIFT_UPCOMING_FEATURE_MEMBER_IMPORT_VISIBILITY = YES;
				SWIFT_VERSION = 5.0;
				TARGETED_DEVICE_FAMILY = "1,2";
			};
			name = Release;
		};
/* End XCBuildConfiguration section */

/* Begin XCConfigurationList section */
		E592E2752EFAEDEC003271FE /* Build configuration list for PBXProject "Space" */ = {
			isa = XCConfigurationList;
			buildConfigurations = (
				E592E2992EFAEDEE003271FE /* Debug */,
				E592E29A2EFAEDEE003271FE /* Release */,
			);
			defaultConfigurationIsVisible = 0;
			defaultConfigurationName = Release;
		};
		E592E29B2EFAEDEE003271FE /* Build configuration list for PBXNativeTarget "Space" */ = {
			isa = XCConfigurationList;
			buildConfigurations = (
				E592E29C2EFAEDEE003271FE /* Debug */,
				E592E29D2EFAEDEE003271FE /* Release */,
			);
			defaultConfigurationIsVisible = 0;
			defaultConfigurationName = Release;
		};
		E592E29E2EFAEDEE003271FE /* Build configuration list for PBXNativeTarget "SpaceTests" */ = {
			isa = XCConfigurationList;
			buildConfigurations = (
				E592E29F2EFAEDEE003271FE /* Debug */,
				E592E2A02EFAEDEE003271FE /* Release */,
			);
			defaultConfigurationIsVisible = 0;
			defaultConfigurationName = Release;
		};
		E592E2A12EFAEDEE003271FE /* Build configuration list for PBXNativeTarget "SpaceUITests" */ = {
			isa = XCConfigurationList;
			buildConfigurations = (
				E592E2A22EFAEDEE003271FE /* Debug */,
				E592E2A32EFAEDEE003271FE /* Release */,
			);
			defaultConfigurationIsVisible = 0;
			defaultConfigurationName = Release;
		};
		E592E2C12EFAF593003271FE /* Build configuration list for PBXNativeTarget "HoneyWidgetExtension" */ = {
			isa = XCConfigurationList;
			buildConfigurations = (
				E592E2C22EFAF593003271FE /* Debug */,
				E592E2C32EFAF593003271FE /* Release */,
			);
			defaultConfigurationIsVisible = 0;
			defaultConfigurationName = Release;
		};
/* End XCConfigurationList section */
	};
	rootObject = E592E2722EFAEDEC003271FE /* Project object */;
}
